
Microsoft Visual Studio Solution File, Format Version 12.00
# Visual Studio Version 17
VisualStudioVersion = 17.7.34003.232
MinimumVisualStudioVersion = 10.0.40219.1
Project("{FAE04EC0-301F-11D3-BF4B-00C04F79EFBC}") = "ExchangeTrader", "ExchangeTrader\ExchangeTrader.csproj", "{13150A44-6123-4667-B0D3-5FDAD1E7D35F}"
EndProject
Global
	GlobalSection(SolutionConfigurationPlatforms) = preSolution
		Debug|Any CPU = Debug|Any CPU
		Release|Any CPU = Release|Any CPU
	EndGlobalSection
	GlobalSection(ProjectConfigurationPlatforms) = postSolution
		{13150A44-6123-4667-B0D3-5FDAD1E7D35F}.Debug|Any CPU.ActiveCfg = Debug|Any CPU
		{13150A44-6123-4667-B0D3-5FDAD1E7D35F}.Debug|Any CPU.Build.0 = Debug|Any CPU
		{13150A44-6123-4667-B0D3-5FDAD1E7D35F}.Release|Any CPU.ActiveCfg = Release|Any CPU
		{13150A44-6123-4667-B0D3-5FDAD1E7D35F}.Release|Any CPU.Build.0 = Release|Any CPU
	EndGlobalSection
	GlobalSection(SolutionProperties) = preSolution
		HideSolutionNode = FALSE
	EndGlobalSection
	GlobalSection(ExtensibilityGlobals) = postSolution
		SolutionGuid = {213C4E25-CC95-439B-A27E-EA493C6D6303}
	EndGlobalSection
EndGlobal
